
Microsoft Visual Studio Solution File, Format Version 12.00
# Visual Studio 15
VisualStudioVersion = 15.0.27130.2003
MinimumVisualStudioVersion = 10.0.40219.1
Project("{2150E333-8FDC-42A3-9474-1A3956D46DE8}") = "src", "src", "{7A24864F-4EE4-4F84-8190-9DB6FEA7EB5D}"
EndProject
Project("{FAE04EC0-301F-11D3-BF4B-00C04F79EFBC}") = "NoteMap.Core", "src\NoteMap.Core\NoteMap.Core.csproj", "{C4B2F91A-07D9-42F9-B800-2646BA0948AA}"
EndProject
Project("{FAE04EC0-301F-11D3-BF4B-00C04F79EFBC}") = "NoteMap.Application", "src\NoteMap.Application\NoteMap.Application.csproj", "{CBD0BBD9-01B8-4B51-BB84-B01636902D85}"
EndProject
Project("{2150E333-8FDC-42A3-9474-1A3956D46DE8}") = "App", "App", "{A546B702-FFE4-4C33-B776-3B0F1BE74973}"
EndProject
Project("{FAE04EC0-301F-11D3-BF4B-00C04F79EFBC}") = "NoteMap.WebApi", "src\NoteMap.WebApi\NoteMap.WebApi.csproj", "{08F7469A-F8F2-46F5-90E1-2C774D711BD9}"
EndProject
Project("{2150E333-8FDC-42A3-9474-1A3956D46DE8}") = "common", "common", "{67D11920-F9D2-45E9-B7C3-D3D1CA18C3C4}"
EndProject
Project("{9A19103F-16F7-4668-BE54-9A1E7A4F7556}") = "Jane", "common\src\Jane\Jane.csproj", "{99C43D10-E658-4674-9283-AD9DF5A092D1}"
EndProject
Project("{9A19103F-16F7-4668-BE54-9A1E7A4F7556}") = "Jane.AspNetCore", "common\src\Jane.AspNetCore\Jane.AspNetCore.csproj", "{18CA1047-F4D5-4D3C-9812-96291B298B70}"
EndProject
Project("{9A19103F-16F7-4668-BE54-9A1E7A4F7556}") = "Jane.Autofac", "common\src\Jane.Autofac\Jane.Autofac.csproj", "{6F9A28C0-0AE0-4DCF-A340-22D1F0FDD84B}"
EndProject
Project("{9A19103F-16F7-4668-BE54-9A1E7A4F7556}") = "Jane.AutoMapper", "common\src\Jane.AutoMapper\Jane.AutoMapper.csproj", "{6C1CCBFD-E1F0-4713-8971-8D5C40C914A1}"
EndProject
Project("{9A19103F-16F7-4668-BE54-9A1E7A4F7556}") = "Jane.FCM", "common\src\Jane.FCM\Jane.FCM.csproj", "{DA2AF7BB-2ABA-4AC1-8261-DA525AFF35EE}"
EndProject
Project("{9A19103F-16F7-4668-BE54-9A1E7A4F7556}") = "Jane.Log4Net", "common\src\Jane.Log4Net\Jane.Log4Net.csproj", "{E2806389-5AFB-442D-BE96-E4B740837278}"
EndProject
Project("{9A19103F-16F7-4668-BE54-9A1E7A4F7556}") = "Jane.Masstransit.RabbitMq", "common\src\Jane.Masstransit.RabbitMq\Jane.Masstransit.RabbitMq.csproj", "{5925E9BA-A515-4938-B151-F8C118FD0A57}"
EndProject
Project("{9A19103F-16F7-4668-BE54-9A1E7A4F7556}") = "Jane.MongoDb", "common\src\Jane.MongoDb\Jane.MongoDb.csproj", "{9D557FE5-D222-47D4-B19E-FE0847B7D0AA}"
EndProject
Project("{9A19103F-16F7-4668-BE54-9A1E7A4F7556}") = "Jane.ENode", "common\src\Jane.ENode\Jane.ENode.csproj", "{6B9AF983-7CFF-411E-98A8-DCB1929ABB88}"
EndProject
Global
	GlobalSection(SolutionConfigurationPlatforms) = preSolution
		Debug|Any CPU = Debug|Any CPU
		Release|Any CPU = Release|Any CPU
	EndGlobalSection
	GlobalSection(ProjectConfigurationPlatforms) = postSolution
		{C4B2F91A-07D9-42F9-B800-2646BA0948AA}.Debug|Any CPU.ActiveCfg = Debug|Any CPU
		{C4B2F91A-07D9-42F9-B800-2646BA0948AA}.Debug|Any CPU.Build.0 = Debug|Any CPU
		{C4B2F91A-07D9-42F9-B800-2646BA0948AA}.Release|Any CPU.ActiveCfg = Release|Any CPU
		{C4B2F91A-07D9-42F9-B800-2646BA0948AA}.Release|Any CPU.Build.0 = Release|Any CPU
		{CBD0BBD9-01B8-4B51-BB84-B01636902D85}.Debug|Any CPU.ActiveCfg = Debug|Any CPU
		{CBD0BBD9-01B8-4B51-BB84-B01636902D85}.Debug|Any CPU.Build.0 = Debug|Any CPU
		{CBD0BBD9-01B8-4B51-BB84-B01636902D85}.Release|Any CPU.ActiveCfg = Release|Any CPU
		{CBD0BBD9-01B8-4B51-BB84-B01636902D85}.Release|Any CPU.Build.0 = Release|Any CPU
		{08F7469A-F8F2-46F5-90E1-2C774D711BD9}.Debug|Any CPU.ActiveCfg = Debug|Any CPU
		{08F7469A-F8F2-46F5-90E1-2C774D711BD9}.Debug|Any CPU.Build.0 = Debug|Any CPU
		{08F7469A-F8F2-46F5-90E1-2C774D711BD9}.Release|Any CPU.ActiveCfg = Release|Any CPU
		{08F7469A-F8F2-46F5-90E1-2C774D711BD9}.Release|Any CPU.Build.0 = Release|Any CPU
		{99C43D10-E658-4674-9283-AD9DF5A092D1}.Debug|Any CPU.ActiveCfg = Debug|Any CPU
		{99C43D10-E658-4674-9283-AD9DF5A092D1}.Debug|Any CPU.Build.0 = Debug|Any CPU
		{99C43D10-E658-4674-9283-AD9DF5A092D1}.Release|Any CPU.ActiveCfg = Release|Any CPU
		{99C43D10-E658-4674-9283-AD9DF5A092D1}.Release|Any CPU.Build.0 = Release|Any CPU
		{18CA1047-F4D5-4D3C-9812-96291B298B70}.Debug|Any CPU.ActiveCfg = Debug|Any CPU
		{18CA1047-F4D5-4D3C-9812-96291B298B70}.Debug|Any CPU.Build.0 = Debug|Any CPU
		{18CA1047-F4D5-4D3C-9812-96291B298B70}.Release|Any CPU.ActiveCfg = Release|Any CPU
		{18CA1047-F4D5-4D3C-9812-96291B298B70}.Release|Any CPU.Build.0 = Release|Any CPU
		{6F9A28C0-0AE0-4DCF-A340-22D1F0FDD84B}.Debug|Any CPU.ActiveCfg = Debug|Any CPU
		{6F9A28C0-0AE0-4DCF-A340-22D1F0FDD84B}.Debug|Any CPU.Build.0 = Debug|Any CPU
		{6F9A28C0-0AE0-4DCF-A340-22D1F0FDD84B}.Release|Any CPU.ActiveCfg = Release|Any CPU
		{6F9A28C0-0AE0-4DCF-A340-22D1F0FDD84B}.Release|Any CPU.Build.0 = Release|Any CPU
		{6C1CCBFD-E1F0-4713-8971-8D5C40C914A1}.Debug|Any CPU.ActiveCfg = Debug|Any CPU
		{6C1CCBFD-E1F0-4713-8971-8D5C40C914A1}.Debug|Any CPU.Build.0 = Debug|Any CPU
		{6C1CCBFD-E1F0-4713-8971-8D5C40C914A1}.Release|Any CPU.ActiveCfg = Release|Any CPU
		{6C1CCBFD-E1F0-4713-8971-8D5C40C914A1}.Release|Any CPU.Build.0 = Release|Any CPU
		{DA2AF7BB-2ABA-4AC1-8261-DA525AFF35EE}.Debug|Any CPU.ActiveCfg = Debug|Any CPU
		{DA2AF7BB-2ABA-4AC1-8261-DA525AFF35EE}.Debug|Any CPU.Build.0 = Debug|Any CPU
		{DA2AF7BB-2ABA-4AC1-8261-DA525AFF35EE}.Release|Any CPU.ActiveCfg = Release|Any CPU
		{DA2AF7BB-2ABA-4AC1-8261-DA525AFF35EE}.Release|Any CPU.Build.0 = Release|Any CPU
		{E2806389-5AFB-442D-BE96-E4B740837278}.Debug|Any CPU.ActiveCfg = Debug|Any CPU
		{E2806389-5AFB-442D-BE96-E4B740837278}.Debug|Any CPU.Build.0 = Debug|Any CPU
		{E2806389-5AFB-442D-BE96-E4B740837278}.Release|Any CPU.ActiveCfg = Release|Any CPU
		{E2806389-5AFB-442D-BE96-E4B740837278}.Release|Any CPU.Build.0 = Release|Any CPU
		{5925E9BA-A515-4938-B151-F8C118FD0A57}.Debug|Any CPU.ActiveCfg = Debug|Any CPU
		{5925E9BA-A515-4938-B151-F8C118FD0A57}.Debug|Any CPU.Build.0 = Debug|Any CPU
		{5925E9BA-A515-4938-B151-F8C118FD0A57}.Release|Any CPU.ActiveCfg = Release|Any CPU
		{5925E9BA-A515-4938-B151-F8C118FD0A57}.Release|Any CPU.Build.0 = Release|Any CPU
		{9D557FE5-D222-47D4-B19E-FE0847B7D0AA}.Debug|Any CPU.ActiveCfg = Debug|Any CPU
		{9D557FE5-D222-47D4-B19E-FE0847B7D0AA}.Debug|Any CPU.Build.0 = Debug|Any CPU
		{9D557FE5-D222-47D4-B19E-FE0847B7D0AA}.Release|Any CPU.ActiveCfg = Release|Any CPU
		{9D557FE5-D222-47D4-B19E-FE0847B7D0AA}.Release|Any CPU.Build.0 = Release|Any CPU
		{6B9AF983-7CFF-411E-98A8-DCB1929ABB88}.Debug|Any CPU.ActiveCfg = Debug|Any CPU
		{6B9AF983-7CFF-411E-98A8-DCB1929ABB88}.Debug|Any CPU.Build.0 = Debug|Any CPU
		{6B9AF983-7CFF-411E-98A8-DCB1929ABB88}.Release|Any CPU.ActiveCfg = Release|Any CPU
		{6B9AF983-7CFF-411E-98A8-DCB1929ABB88}.Release|Any CPU.Build.0 = Release|Any CPU
	EndGlobalSection
	GlobalSection(SolutionProperties) = preSolution
		HideSolutionNode = FALSE
	EndGlobalSection
	GlobalSection(NestedProjects) = preSolution
		{C4B2F91A-07D9-42F9-B800-2646BA0948AA} = {7A24864F-4EE4-4F84-8190-9DB6FEA7EB5D}
		{CBD0BBD9-01B8-4B51-BB84-B01636902D85} = {7A24864F-4EE4-4F84-8190-9DB6FEA7EB5D}
		{A546B702-FFE4-4C33-B776-3B0F1BE74973} = {7A24864F-4EE4-4F84-8190-9DB6FEA7EB5D}
		{08F7469A-F8F2-46F5-90E1-2C774D711BD9} = {A546B702-FFE4-4C33-B776-3B0F1BE74973}
		{99C43D10-E658-4674-9283-AD9DF5A092D1} = {67D11920-F9D2-45E9-B7C3-D3D1CA18C3C4}
		{18CA1047-F4D5-4D3C-9812-96291B298B70} = {67D11920-F9D2-45E9-B7C3-D3D1CA18C3C4}
		{6F9A28C0-0AE0-4DCF-A340-22D1F0FDD84B} = {67D11920-F9D2-45E9-B7C3-D3D1CA18C3C4}
		{6C1CCBFD-E1F0-4713-8971-8D5C40C914A1} = {67D11920-F9D2-45E9-B7C3-D3D1CA18C3C4}
		{DA2AF7BB-2ABA-4AC1-8261-DA525AFF35EE} = {67D11920-F9D2-45E9-B7C3-D3D1CA18C3C4}
		{E2806389-5AFB-442D-BE96-E4B740837278} = {67D11920-F9D2-45E9-B7C3-D3D1CA18C3C4}
		{5925E9BA-A515-4938-B151-F8C118FD0A57} = {67D11920-F9D2-45E9-B7C3-D3D1CA18C3C4}
		{9D557FE5-D222-47D4-B19E-FE0847B7D0AA} = {67D11920-F9D2-45E9-B7C3-D3D1CA18C3C4}
		{6B9AF983-7CFF-411E-98A8-DCB1929ABB88} = {67D11920-F9D2-45E9-B7C3-D3D1CA18C3C4}
	EndGlobalSection
	GlobalSection(ExtensibilityGlobals) = postSolution
		SolutionGuid = {CE672AE9-3639-4555-81D6-B1DAF58828AB}
	EndGlobalSection
EndGlobal
